// !$*UTF8*$!
{
	archiveVersion = 1;
	classes = {
	};
	objectVersion = 46;
	objects = {

/* Begin PBXContainerItemProxy section */
		040AD7351F6D21E0005FC652 /* PBXContainerItemProxy */ = {
			isa = PBXContainerItemProxy;
			containerPortal = 040AD7311F6D21DF005FC652 /* type_traits.xcodeproj */;
			proxyType = 2;
			remoteGlobalIDString = 040AD7271F6D21DF005FC652;
			remoteInfo = type_traits;
		};
/* End PBXContainerItemProxy section */

/* Begin PBXCopyFilesBuildPhase section */
		040AD7121F6D21C2005FC652 /* CopyFiles */ = {
			isa = PBXCopyFilesBuildPhase;
			buildActionMask = 2147483647;
			dstPath = /usr/share/man/man1/;
			dstSubfolderSpec = 0;
			files = (
			);
			runOnlyForDeploymentPostprocessing = 1;
		};
/* End PBXCopyFilesBuildPhase section */

/* Begin PBXFileReference section */
		040AD7141F6D21C2005FC652 /* unique_cpp */ = {isa = PBXFileReference; explicitFileType = "compiled.mach-o.executable"; includeInIndex = 0; name = unique_cpp; path = /Users/jack/Work/unique_cpp/unique_cpp/build/Debug/unique_cpp; sourceTree = "<absolute>"; };
		040AD7311F6D21DF005FC652 /* type_traits.xcodeproj */ = {isa = PBXFileReference; lastKnownFileType = "wrapper.pb-project"; name = type_traits.xcodeproj; path = type_traits/type_traits.xcodeproj; sourceTree = "<group>"; };
/* End PBXFileReference section */

/* Begin PBXFrameworksBuildPhase section */
		040AD7111F6D21C2005FC652 /* Frameworks */ = {
			isa = PBXFrameworksBuildPhase;
			buildActionMask = 2147483647;
			files = (
			);
			runOnlyForDeploymentPostprocessing = 0;
		};
/* End PBXFrameworksBuildPhase section */

/* Begin PBXGroup section */
		040AD70B1F6D21C2005FC652 = {
			isa = PBXGroup;
			children = (
				040AD7311F6D21DF005FC652 /* type_traits.xcodeproj */,
			);
			sourceTree = "<group>";
		};
		040AD7321F6D21DF005FC652 /* Products */ = {
			isa = PBXGroup;
			children = (
				040AD7361F6D21E0005FC652 /* type_traits */,
			);
			name = Products;
			sourceTree = "<group>";
		};
/* End PBXGroup section */

/* Begin PBXNativeTarget section */
		040AD7131F6D21C2005FC652 /* unique_cpp */ = {
			isa = PBXNativeTarget;
			buildConfigurationList = 040AD71B1F6D21C2005FC652 /* Build configuration list for PBXNativeTarget "unique_cpp" */;
			buildPhases = (
				040AD7101F6D21C2005FC652 /* Sources */,
				040AD7111F6D21C2005FC652 /* Frameworks */,
				040AD7121F6D21C2005FC652 /* CopyFiles */,
			);
			buildRules = (
			);
			dependencies = (
			);
			name = unique_cpp;
			productName = unique_cpp;
			productReference = 040AD7141F6D21C2005FC652 /* unique_cpp */;
			productType = "com.apple.product-type.tool";
		};
/* End PBXNativeTarget section */

/* Begin PBXProject section */
		040AD70C1F6D21C2005FC652 /* Project object */ = {
			isa = PBXProject;
			attributes = {
				LastUpgradeCheck = 0830;
				ORGANIZATIONNAME = jack.zou;
				TargetAttributes = {
					040AD7131F6D21C2005FC652 = {
						CreatedOnToolsVersion = 8.3.3;
						DevelopmentTeam = 5597W4KY69;
						ProvisioningStyle = Automatic;
					};
				};
			};
			buildConfigurationList = 040AD70F1F6D21C2005FC652 /* Build configuration list for PBXProject "unique_cpp" */;
			compatibilityVersion = "Xcode 3.2";
			developmentRegion = English;
			hasScannedForEncodings = 0;
			knownRegions = (
				en,
			);
			mainGroup = 040AD70B1F6D21C2005FC652;
			productRefGroup = 040AD70B1F6D21C2005FC652;
			projectDirPath = "";
			projectReferences = (
				{
					ProductGroup = 040AD7321F6D21DF005FC652 /* Products */;
					ProjectRef = 040AD7311F6D21DF005FC652 /* type_traits.xcodeproj */;
				},
			);
			projectRoot = "";
			targets = (
				040AD7131F6D21C2005FC652 /* unique_cpp */,
			);
		};
/* End PBXProject section */

/* Begin PBXReferenceProxy section */
		040AD7361F6D21E0005FC652 /* type_traits */ = {
			isa = PBXReferenceProxy;
			fileType = "compiled.mach-o.executable";
			path = type_traits;
			remoteRef = 040AD7351F6D21E0005FC652 /* PBXContainerItemProxy */;
			sourceTree = BUILT_PRODUCTS_DIR;
		};
/* End PBXReferenceProxy section */

/* Begin PBXSourcesBuildPhase section */
		040AD7101F6D21C2005FC652 /* Sources */ = {
			isa = PBXSourcesBuildPhase;
			buildActionMask = 2147483647;
			files = (
			);
			runOnlyForDeploymentPostprocessing = 0;
		};
/* End PBXSourcesBuildPhase section */

/* Begin XCBuildConfiguration section */
		040AD7191F6D21C2005FC652 /* Debug */ = {
			isa = XCBuildConfiguration;
			buildSettings = {
				ALWAYS_SEARCH_USER_PATHS = NO;
				CLANG_ANALYZER_NONNULL = YES;
				CLANG_ANALYZER_NUMBER_OBJECT_CONVERSION = YES_AGGRESSIVE;
				CLANG_CXX_LANGUAGE_STANDARD = "gnu++0x";
				CLANG_CXX_LIBRARY = "libc++";
				CLANG_ENABLE_MODULES = YES;
				CLANG_ENABLE_OBJC_ARC = YES;
				CLANG_WARN_BOOL_CONVERSION = YES;
				CLANG_WARN_CONSTANT_CONVERSION = YES;
				CLANG_WARN_DIRECT_OBJC_ISA_USAGE = YES_ERROR;
				CLANG_WARN_DOCUMENTATION_COMMENTS = YES;
				CLANG_WARN_EMPTY_BODY = YES;
				CLANG_WARN_ENUM_CONVERSION = YES;
				CLANG_WARN_INFINITE_RECURSION = YES;
				CLANG_WARN_INT_CONVERSION = YES;
				CLANG_WARN_OBJC_ROOT_CLASS = YES_ERROR;
				CLANG_WARN_SUSPICIOUS_MOVE = YES;
				CLANG_WARN_UNREACHABLE_CODE = YES;
				CLANG_WARN__DUPLICATE_METHOD_MATCH = YES;
				CODE_SIGN_IDENTITY = "-";
				COPY_PHASE_STRIP = NO;
				DEBUG_INFORMATION_FORMAT = dwarf;
				ENABLE_STRICT_OBJC_MSGSEND = YES;
				ENABLE_TESTABILITY = YES;
				GCC_C_LANGUAGE_STANDARD = gnu99;
				GCC_DYNAMIC_NO_PIC = NO;
				GCC_NO_COMMON_BLOCKS = YES;
				GCC_OPTIMIZATION_LEVEL = 0;
				GCC_PREPROCESSOR_DEFINITIONS = (
					"DEBUG=1",
					"$(inherited)",
				);
				GCC_WARN_64_TO_32_BIT_CONVERSION = YES;
				GCC_WARN_ABOUT_RETURN_TYPE = YES_ERROR;
				GCC_WARN_UNDECLARED_SELECTOR = YES;
				GCC_WARN_UNINITIALIZED_AUTOS = YES_AGGRESSIVE;
				GCC_WARN_UNUSED_FUNCTION = YES;
				GCC_WARN_UNUSED_VARIABLE = YES;
				MACOSX_DEPLOYMENT_TARGET = 10.12;
				MTL_ENABLE_DEBUG_INFO = YES;
				ONLY_ACTIVE_ARCH = YES;
				SDKROOT = macosx;
			};
			name = Debug;
		};
		040AD71A1F6D21C2005FC652 /* Release */ = {
			isa = XCBuildConfiguration;
			buildSettings = {
				ALWAYS_SEARCH_USER_PATHS = NO;
				CLANG_ANALYZER_NONNULL = YES;
				CLANG_ANALYZER_NUMBER_OBJECT_CONVERSION = YES_AGGRESSIVE;
				CLANG_CXX_LANGUAGE_STANDARD = "gnu++0x";
				CLANG_CXX_LIBRARY = "libc++";
				CLANG_ENABLE_MODULES = YES;
				CLANG_ENABLE_OBJC_ARC = YES;
				CLANG_WARN_BOOL_CONVERSION = YES;
				CLANG_WARN_CONSTANT_CONVERSION = YES;
				CLANG_WARN_DIRECT_OBJC_ISA_USAGE = YES_ERROR;
				CLANG_WARN_DOCUMENTATION_COMMENTS = YES;
				CLANG_WARN_EMPTY_BODY = YES;
				CLANG_WARN_ENUM_CONVERSION = YES;
				CLANG_WARN_INFINITE_RECURSION = YES;
				CLANG_WARN_INT_CONVERSION = YES;
				CLANG_WARN_OBJC_ROOT_CLASS = YES_ERROR;
				CLANG_WARN_SUSPICIOUS_MOVE = YES;
				CLANG_WARN_UNREACHABLE_CODE = YES;
				CLANG_WARN__DUPLICATE_METHOD_MATCH = YES;
				CODE_SIGN_IDENTITY = "-";
				COPY_PHASE_STRIP = NO;
				DEBUG_INFORMATION_FORMAT = "dwarf-with-dsym";
				ENABLE_NS_ASSERTIONS = NO;
				ENABLE_STRICT_OBJC_MSGSEND = YES;
				GCC_C_LANGUAGE_STANDARD = gnu99;
				GCC_NO_COMMON_BLOCKS = YES;
				GCC_WARN_64_TO_32_BIT_CONVERSION = YES;
				GCC_WARN_ABOUT_RETURN_TYPE = YES_ERROR;
				GCC_WARN_UNDECLARED_SELECTOR = YES;
				GCC_WARN_UNINITIALIZED_AUTOS = YES_AGGRESSIVE;
				GCC_WARN_UNUSED_FUNCTION = YES;
				GCC_WARN_UNUSED_VARIABLE = YES;
				MACOSX_DEPLOYMENT_TARGET = 10.12;
				MTL_ENABLE_DEBUG_INFO = NO;
				SDKROOT = macosx;
			};
			name = Release;
		};
		040AD71C1F6D21C2005FC652 /* Debug */ = {
			isa = XCBuildConfiguration;
			buildSettings = {
				DEVELOPMENT_TEAM = 5597W4KY69;
				PRODUCT_NAME = "$(TARGET_NAME)";
			};
			name = Debug;
		};
		040AD71D1F6D21C2005FC652 /* Release */ = {
			isa = XCBuildConfiguration;
			buildSettings = {
				DEVELOPMENT_TEAM = 5597W4KY69;
				PRODUCT_NAME = "$(TARGET_NAME)";
			};
			name = Release;
		};
/* End XCBuildConfiguration section */

/* Begin XCConfigurationList section */
		040AD70F1F6D21C2005FC652 /* Build configuration list for PBXProject "unique_cpp" */ = {
			isa = XCConfigurationList;
			buildConfigurations = (
				040AD7191F6D21C2005FC652 /* Debug */,
				040AD71A1F6D21C2005FC652 /* Release */,
			);
			defaultConfigurationIsVisible = 0;
			defaultConfigurationName = Release;
		};
		040AD71B1F6D21C2005FC652 /* Build configuration list for PBXNativeTarget "unique_cpp" */ = {
			isa = XCConfigurationList;
			buildConfigurations = (
				040AD71C1F6D21C2005FC652 /* Debug */,
				040AD71D1F6D21C2005FC652 /* Release */,
			);
			defaultConfigurationIsVisible = 0;
		};
/* End XCConfigurationList section */
	};
	rootObject = 040AD70C1F6D21C2005FC652 /* Project object */;
}
